
Microsoft Visual Studio Solution File, Format Version 12.00
# Visual Studio Version 17
VisualStudioVersion = 17.2.32616.157
MinimumVisualStudioVersion = 10.0.40219.1
Project("{2150E333-8FDC-42A3-9474-1A3956D46DE8}") = "FormationCSharp", "FormationCSharp", "{A0D068F2-22D5-4F1B-80E1-461FE438D640}"
EndProject
Project("{2150E333-8FDC-42A3-9474-1A3956D46DE8}") = "Cours", "Cours", "{A588CF7A-45FF-4BF4-93AB-F6CBFC3CD186}"
EndProject
Project("{2150E333-8FDC-42A3-9474-1A3956D46DE8}") = "Exercices", "Exercices", "{CBA64B39-A225-40AE-BAA1-8DD2D9F24408}"
EndProject
Project("{9A19103F-16F7-4668-BE54-9A1E7A4F7556}") = "LaConsole", "FormationCSharp\Cours\LaConsole\LaConsole.csproj", "{3B33B8CE-C6C6-4883-BA57-F5721F6FECB8}"
EndProject
Project("{2150E333-8FDC-42A3-9474-1A3956D46DE8}") = "SupportCours", "SupportCours", "{E8D9AF0F-E0BF-4B4B-A016-CBFDD10F2827}"
	ProjectSection(SolutionItems) = preProject
		00-SupportCours\Introduction_Framework_DotNet.pdf = 00-SupportCours\Introduction_Framework_DotNet.pdf
	EndProjectSection
EndProject
Project("{9A19103F-16F7-4668-BE54-9A1E7A4F7556}") = "LesTypesVariables", "FormationCSharp\Cours\LesTypesVariables\LesTypesVariables.csproj", "{23D73CC7-77B9-4EB3-9351-FD6DE4623767}"
EndProject
Project("{2150E333-8FDC-42A3-9474-1A3956D46DE8}") = "FormationPOO", "FormationPOO", "{27AAC2E9-2F25-425E-9D1B-6727D49F2892}"
EndProject
Project("{2150E333-8FDC-42A3-9474-1A3956D46DE8}") = "Cours", "Cours", "{4E3187B6-2C83-4B6B-B722-EA5011603362}"
EndProject
Project("{2150E333-8FDC-42A3-9474-1A3956D46DE8}") = "TP POO", "TP POO", "{B0557612-3FFA-4605-A9D0-EFBFD6861637}"
EndProject
Project("{9A19103F-16F7-4668-BE54-9A1E7A4F7556}") = "IntroductionPOO", "IntroductionPOO\IntroductionPOO.csproj", "{0833E1F3-A441-4DB3-88DC-CEB0C81A0409}"
EndProject
Project("{9A19103F-16F7-4668-BE54-9A1E7A4F7556}") = "TP Chaise", "FormationPOO\TpPoo\TpChaises\TP Chaise\TP Chaise.csproj", "{C29C4410-B2E3-42E9-8C2F-40C876FFA8A4}"
EndProject
Project("{9A19103F-16F7-4668-BE54-9A1E7A4F7556}") = "TP Le Pendu", "FormationPOO\TpPoo\TP Le pendu\TP Le Pendu\TP Le Pendu.csproj", "{DBE19C3D-4688-4F96-A11F-ED5FD041B06D}"
EndProject
Project("{9A19103F-16F7-4668-BE54-9A1E7A4F7556}") = "TpBanqueHeritageIHM", "FormationPOO\TpPoo\TpBanqueHeritage\TpBanqueHeritageIHM\TpBanqueHeritageIHM.csproj", "{69D4DB9A-64F9-4F70-9515-2779067CBB5F}"
EndProject
Project("{9A19103F-16F7-4668-BE54-9A1E7A4F7556}") = "TpBanqueHeritageClass", "FormationPOO\TpPoo\TpBanqueHeritage\TpBanqueHeritageClass\TpBanqueHeritageClass.csproj", "{F66D3FAC-967B-4B3F-BE26-3CF098251BC0}"
EndProject
Project("{9A19103F-16F7-4668-BE54-9A1E7A4F7556}") = "JsonSerializeDeserialize", "FormationPOO\Cours\JsonSerializeDeserialize\JsonSerializeDeserialize.csproj", "{996F183F-74FA-4ADA-B2E3-3CA3F73226ED}"
EndProject
Global
	GlobalSection(SolutionConfigurationPlatforms) = preSolution
		Debug|Any CPU = Debug|Any CPU
		Release|Any CPU = Release|Any CPU
	EndGlobalSection
	GlobalSection(ProjectConfigurationPlatforms) = postSolution
		{3B33B8CE-C6C6-4883-BA57-F5721F6FECB8}.Debug|Any CPU.ActiveCfg = Debug|Any CPU
		{3B33B8CE-C6C6-4883-BA57-F5721F6FECB8}.Debug|Any CPU.Build.0 = Debug|Any CPU
		{3B33B8CE-C6C6-4883-BA57-F5721F6FECB8}.Release|Any CPU.ActiveCfg = Release|Any CPU
		{3B33B8CE-C6C6-4883-BA57-F5721F6FECB8}.Release|Any CPU.Build.0 = Release|Any CPU
		{23D73CC7-77B9-4EB3-9351-FD6DE4623767}.Debug|Any CPU.ActiveCfg = Debug|Any CPU
		{23D73CC7-77B9-4EB3-9351-FD6DE4623767}.Debug|Any CPU.Build.0 = Debug|Any CPU
		{23D73CC7-77B9-4EB3-9351-FD6DE4623767}.Release|Any CPU.ActiveCfg = Release|Any CPU
		{23D73CC7-77B9-4EB3-9351-FD6DE4623767}.Release|Any CPU.Build.0 = Release|Any CPU
		{0833E1F3-A441-4DB3-88DC-CEB0C81A0409}.Debug|Any CPU.ActiveCfg = Debug|Any CPU
		{0833E1F3-A441-4DB3-88DC-CEB0C81A0409}.Debug|Any CPU.Build.0 = Debug|Any CPU
		{0833E1F3-A441-4DB3-88DC-CEB0C81A0409}.Release|Any CPU.ActiveCfg = Release|Any CPU
		{0833E1F3-A441-4DB3-88DC-CEB0C81A0409}.Release|Any CPU.Build.0 = Release|Any CPU
		{C29C4410-B2E3-42E9-8C2F-40C876FFA8A4}.Debug|Any CPU.ActiveCfg = Debug|Any CPU
		{C29C4410-B2E3-42E9-8C2F-40C876FFA8A4}.Debug|Any CPU.Build.0 = Debug|Any CPU
		{C29C4410-B2E3-42E9-8C2F-40C876FFA8A4}.Release|Any CPU.ActiveCfg = Release|Any CPU
		{C29C4410-B2E3-42E9-8C2F-40C876FFA8A4}.Release|Any CPU.Build.0 = Release|Any CPU
		{DBE19C3D-4688-4F96-A11F-ED5FD041B06D}.Debug|Any CPU.ActiveCfg = Debug|Any CPU
		{DBE19C3D-4688-4F96-A11F-ED5FD041B06D}.Debug|Any CPU.Build.0 = Debug|Any CPU
		{DBE19C3D-4688-4F96-A11F-ED5FD041B06D}.Release|Any CPU.ActiveCfg = Release|Any CPU
		{DBE19C3D-4688-4F96-A11F-ED5FD041B06D}.Release|Any CPU.Build.0 = Release|Any CPU
		{69D4DB9A-64F9-4F70-9515-2779067CBB5F}.Debug|Any CPU.ActiveCfg = Debug|Any CPU
		{69D4DB9A-64F9-4F70-9515-2779067CBB5F}.Debug|Any CPU.Build.0 = Debug|Any CPU
		{69D4DB9A-64F9-4F70-9515-2779067CBB5F}.Release|Any CPU.ActiveCfg = Release|Any CPU
		{69D4DB9A-64F9-4F70-9515-2779067CBB5F}.Release|Any CPU.Build.0 = Release|Any CPU
		{F66D3FAC-967B-4B3F-BE26-3CF098251BC0}.Debug|Any CPU.ActiveCfg = Debug|Any CPU
		{F66D3FAC-967B-4B3F-BE26-3CF098251BC0}.Debug|Any CPU.Build.0 = Debug|Any CPU
		{F66D3FAC-967B-4B3F-BE26-3CF098251BC0}.Release|Any CPU.ActiveCfg = Release|Any CPU
		{F66D3FAC-967B-4B3F-BE26-3CF098251BC0}.Release|Any CPU.Build.0 = Release|Any CPU
		{996F183F-74FA-4ADA-B2E3-3CA3F73226ED}.Debug|Any CPU.ActiveCfg = Debug|Any CPU
		{996F183F-74FA-4ADA-B2E3-3CA3F73226ED}.Debug|Any CPU.Build.0 = Debug|Any CPU
		{996F183F-74FA-4ADA-B2E3-3CA3F73226ED}.Release|Any CPU.ActiveCfg = Release|Any CPU
		{996F183F-74FA-4ADA-B2E3-3CA3F73226ED}.Release|Any CPU.Build.0 = Release|Any CPU
	EndGlobalSection
	GlobalSection(SolutionProperties) = preSolution
		HideSolutionNode = FALSE
	EndGlobalSection
	GlobalSection(NestedProjects) = preSolution
		{A588CF7A-45FF-4BF4-93AB-F6CBFC3CD186} = {A0D068F2-22D5-4F1B-80E1-461FE438D640}
		{CBA64B39-A225-40AE-BAA1-8DD2D9F24408} = {A0D068F2-22D5-4F1B-80E1-461FE438D640}
		{3B33B8CE-C6C6-4883-BA57-F5721F6FECB8} = {A588CF7A-45FF-4BF4-93AB-F6CBFC3CD186}
		{23D73CC7-77B9-4EB3-9351-FD6DE4623767} = {A588CF7A-45FF-4BF4-93AB-F6CBFC3CD186}
		{4E3187B6-2C83-4B6B-B722-EA5011603362} = {27AAC2E9-2F25-425E-9D1B-6727D49F2892}
		{B0557612-3FFA-4605-A9D0-EFBFD6861637} = {27AAC2E9-2F25-425E-9D1B-6727D49F2892}
		{0833E1F3-A441-4DB3-88DC-CEB0C81A0409} = {4E3187B6-2C83-4B6B-B722-EA5011603362}
		{C29C4410-B2E3-42E9-8C2F-40C876FFA8A4} = {B0557612-3FFA-4605-A9D0-EFBFD6861637}
		{DBE19C3D-4688-4F96-A11F-ED5FD041B06D} = {B0557612-3FFA-4605-A9D0-EFBFD6861637}
		{69D4DB9A-64F9-4F70-9515-2779067CBB5F} = {B0557612-3FFA-4605-A9D0-EFBFD6861637}
		{F66D3FAC-967B-4B3F-BE26-3CF098251BC0} = {B0557612-3FFA-4605-A9D0-EFBFD6861637}
		{996F183F-74FA-4ADA-B2E3-3CA3F73226ED} = {4E3187B6-2C83-4B6B-B722-EA5011603362}
	EndGlobalSection
	GlobalSection(ExtensibilityGlobals) = postSolution
		SolutionGuid = {52E70217-1E4E-4382-B914-B9AADAA1EE88}
	EndGlobalSection
EndGlobal
